// !$*UTF8*$!
{
	archiveVersion = 1;
	classes = {
	};
	objectVersion = 50;
	objects = {

/* Begin PBXBuildFile section */
		F17E704924FD47120017710A /* AppDelegate.swift in Sources */ = {isa = PBXBuildFile; fileRef = F17E704824FD47120017710A /* AppDelegate.swift */; };
		F17E704B24FD47120017710A /* SceneDelegate.swift in Sources */ = {isa = PBXBuildFile; fileRef = F17E704A24FD47120017710A /* SceneDelegate.swift */; };
		F17E704E24FD47120017710A /* SwiftUI_InAppPurchase.xcdatamodeld in Sources */ = {isa = PBXBuildFile; fileRef = F17E704C24FD47120017710A /* SwiftUI_InAppPurchase.xcdatamodeld */; };
		F17E705024FD47120017710A /* ContentView.swift in Sources */ = {isa = PBXBuildFile; fileRef = F17E704F24FD47120017710A /* ContentView.swift */; };
		F17E705224FD47170017710A /* Assets.xcassets in Resources */ = {isa = PBXBuildFile; fileRef = F17E705124FD47170017710A /* Assets.xcassets */; };
		F17E705524FD47170017710A /* Preview Assets.xcassets in Resources */ = {isa = PBXBuildFile; fileRef = F17E705424FD47170017710A /* Preview Assets.xcassets */; };
		F17E705824FD47170017710A /* LaunchScreen.storyboard in Resources */ = {isa = PBXBuildFile; fileRef = F17E705624FD47170017710A /* LaunchScreen.storyboard */; };
/* End PBXBuildFile section */

/* Begin PBXFileReference section */
		F17E704524FD47110017710A /* SwiftUI-InAppPurchase.app */ = {isa = PBXFileReference; explicitFileType = wrapper.application; includeInIndex = 0; path = "SwiftUI-InAppPurchase.app"; sourceTree = BUILT_PRODUCTS_DIR; };
		F17E704824FD47120017710A /* AppDelegate.swift */ = {isa = PBXFileReference; lastKnownFileType = sourcecode.swift; path = AppDelegate.swift; sourceTree = "<group>"; };
		F17E704A24FD47120017710A /* SceneDelegate.swift */ = {isa = PBXFileReference; lastKnownFileType = sourcecode.swift; path = SceneDelegate.swift; sourceTree = "<group>"; };
		F17E704D24FD47120017710A /* SwiftUI_InAppPurchase.xcdatamodel */ = {isa = PBXFileReference; lastKnownFileType = wrapper.xcdatamodel; path = SwiftUI_InAppPurchase.xcdatamodel; sourceTree = "<group>"; };
		F17E704F24FD47120017710A /* ContentView.swift */ = {isa = PBXFileReference; lastKnownFileType = sourcecode.swift; path = ContentView.swift; sourceTree = "<group>"; };
		F17E705124FD47170017710A /* Assets.xcassets */ = {isa = PBXFileReference; lastKnownFileType = folder.assetcatalog; path = Assets.xcassets; sourceTree = "<group>"; };
		F17E705424FD47170017710A /* Preview Assets.xcassets */ = {isa = PBXFileReference; lastKnownFileType = folder.assetcatalog; path = "Preview Assets.xcassets"; sourceTree = "<group>"; };
		F17E705724FD47170017710A /* Base */ = {isa = PBXFileReference; lastKnownFileType = file.storyboard; name = Base; path = Base.lproj/LaunchScreen.storyboard; sourceTree = "<group>"; };
		F17E705924FD47170017710A /* Info.plist */ = {isa = PBXFileReference; lastKnownFileType = text.plist.xml; path = Info.plist; sourceTree = "<group>"; };
/* End PBXFileReference section */

/* Begin PBXFrameworksBuildPhase section */
		F17E704224FD47110017710A /* Frameworks */ = {
			isa = PBXFrameworksBuildPhase;
			buildActionMask = 2147483647;
			files = (
			);
			runOnlyForDeploymentPostprocessing = 0;
		};
/* End PBXFrameworksBuildPhase section */

/* Begin PBXGroup section */
		F17E703C24FD47110017710A = {
			isa = PBXGroup;
			children = (
				F17E704724FD47110017710A /* SwiftUI-InAppPurchase */,
				F17E704624FD47110017710A /* Products */,
			);
			sourceTree = "<group>";
		};
		F17E704624FD47110017710A /* Products */ = {
			isa = PBXGroup;
			children = (
				F17E704524FD47110017710A /* SwiftUI-InAppPurchase.app */,
			);
			name = Products;
			sourceTree = "<group>";
		};
		F17E704724FD47110017710A /* SwiftUI-InAppPurchase */ = {
			isa = PBXGroup;
			children = (
				F17E704824FD47120017710A /* AppDelegate.swift */,
				F17E704A24FD47120017710A /* SceneDelegate.swift */,
				F17E704F24FD47120017710A /* ContentView.swift */,
				F17E705124FD47170017710A /* Assets.xcassets */,
				F17E705624FD47170017710A /* LaunchScreen.storyboard */,
				F17E705924FD47170017710A /* Info.plist */,
				F17E704C24FD47120017710A /* SwiftUI_InAppPurchase.xcdatamodeld */,
				F17E705324FD47170017710A /* Preview Content */,
			);
			path = "SwiftUI-InAppPurchase";
			sourceTree = "<group>";
		};
		F17E705324FD47170017710A /* Preview Content */ = {
			isa = PBXGroup;
			children = (
				F17E705424FD47170017710A /* Preview Assets.xcassets */,
			);
			path = "Preview Content";
			sourceTree = "<group>";
		};
/* End PBXGroup section */

/* Begin PBXNativeTarget section */
		F17E704424FD47110017710A /* SwiftUI-InAppPurchase */ = {
			isa = PBXNativeTarget;
			buildConfigurationList = F17E705C24FD47170017710A /* Build configuration list for PBXNativeTarget "SwiftUI-InAppPurchase" */;
			buildPhases = (
				F17E704124FD47110017710A /* Sources */,
				F17E704224FD47110017710A /* Frameworks */,
				F17E704324FD47110017710A /* Resources */,
			);
			buildRules = (
			);
			dependencies = (
			);
			name = "SwiftUI-InAppPurchase";
			productName = "SwiftUI-InAppPurchase";
			productReference = F17E704524FD47110017710A /* SwiftUI-InAppPurchase.app */;
			productType = "com.apple.product-type.application";
		};
/* End PBXNativeTarget section */

/* Begin PBXProject section */
		F17E703D24FD47110017710A /* Project object */ = {
			isa = PBXProject;
			attributes = {
				LastSwiftUpdateCheck = 1160;
				LastUpgradeCheck = 1160;
				ORGANIZATIONNAME = "Henry Havens";
				TargetAttributes = {
					F17E704424FD47110017710A = {
						CreatedOnToolsVersion = 11.6;
					};
				};
			};
			buildConfigurationList = F17E704024FD47110017710A /* Build configuration list for PBXProject "SwiftUI-InAppPurchase" */;
			compatibilityVersion = "Xcode 9.3";
			developmentRegion = en;
			hasScannedForEncodings = 0;
			knownRegions = (
				en,
				Base,
			);
			mainGroup = F17E703C24FD47110017710A;
			productRefGroup = F17E704624FD47110017710A /* Products */;
			projectDirPath = "";
			projectRoot = "";
			targets = (
				F17E704424FD47110017710A /* SwiftUI-InAppPurchase */,
			);
		};
/* End PBXProject section */

/* Begin PBXResourcesBuildPhase section */
		F17E704324FD47110017710A /* Resources */ = {
			isa = PBXResourcesBuildPhase;
			buildActionMask = 2147483647;
			files = (
				F17E705824FD47170017710A /* LaunchScreen.storyboard in Resources */,
				F17E705524FD47170017710A /* Preview Assets.xcassets in Resources */,
				F17E705224FD47170017710A /* Assets.xcassets in Resources */,
			);
			runOnlyForDeploymentPostprocessing = 0;
		};
/* End PBXResourcesBuildPhase section */

/* Begin PBXSourcesBuildPhase section */
		F17E704124FD47110017710A /* Sources */ = {
			isa = PBXSourcesBuildPhase;
			buildActionMask = 2147483647;
			files = (
				F17E704E24FD47120017710A /* SwiftUI_InAppPurchase.xcdatamodeld in Sources */,
				F17E704924FD47120017710A /* AppDelegate.swift in Sources */,
				F17E705024FD47120017710A /* ContentView.swift in Sources */,
				F17E704B24FD47120017710A /* SceneDelegate.swift in Sources */,
			);
			runOnlyForDeploymentPostprocessing = 0;
		};
/* End PBXSourcesBuildPhase section */

/* Begin PBXVariantGroup section */
		F17E705624FD47170017710A /* LaunchScreen.storyboard */ = {
			isa = PBXVariantGroup;
			children = (
				F17E705724FD47170017710A /* Base */,
			);
			name = LaunchScreen.storyboard;
			sourceTree = "<group>";
		};
/* End PBXVariantGroup section */

/* Begin XCBuildConfiguration section */
		F17E705A24FD47170017710A /* Debug */ = {
			isa = XCBuildConfiguration;
			buildSettings = {
				ALWAYS_SEARCH_USER_PATHS = NO;
				CLANG_ANALYZER_NONNULL = YES;
				CLANG_ANALYZER_NUMBER_OBJECT_CONVERSION = YES_AGGRESSIVE;
				CLANG_CXX_LANGUAGE_STANDARD = "gnu++14";
				CLANG_CXX_LIBRARY = "libc++";
				CLANG_ENABLE_MODULES = YES;
				CLANG_ENABLE_OBJC_ARC = YES;
				CLANG_ENABLE_OBJC_WEAK = YES;
				CLANG_WARN_BLOCK_CAPTURE_AUTORELEASING = YES;
				CLANG_WARN_BOOL_CONVERSION = YES;
				CLANG_WARN_COMMA = YES;
				CLANG_WARN_CONSTANT_CONVERSION = YES;
				CLANG_WARN_DEPRECATED_OBJC_IMPLEMENTATIONS = YES;
				CLANG_WARN_DIRECT_OBJC_ISA_USAGE = YES_ERROR;
				CLANG_WARN_DOCUMENTATION_COMMENTS = YES;
				CLANG_WARN_EMPTY_BODY = YES;
				CLANG_WARN_ENUM_CONVERSION = YES;
				CLANG_WARN_INFINITE_RECURSION = YES;
				CLANG_WARN_INT_CONVERSION = YES;
				CLANG_WARN_NON_LITERAL_NULL_CONVERSION = YES;
				CLANG_WARN_OBJC_IMPLICIT_RETAIN_SELF = YES;
				CLANG_WARN_OBJC_LITERAL_CONVERSION = YES;
				CLANG_WARN_OBJC_ROOT_CLASS = YES_ERROR;
				CLANG_WARN_RANGE_LOOP_ANALYSIS = YES;
				CLANG_WARN_STRICT_PROTOTYPES = YES;
				CLANG_WARN_SUSPICIOUS_MOVE = YES;
				CLANG_WARN_UNGUARDED_AVAILABILITY = YES_AGGRESSIVE;
				CLANG_WARN_UNREACHABLE_CODE = YES;
				CLANG_WARN__DUPLICATE_METHOD_MATCH = YES;
				COPY_PHASE_STRIP = NO;
				DEBUG_INFORMATION_FORMAT = dwarf;
				ENABLE_STRICT_OBJC_MSGSEND = YES;
				ENABLE_TESTABILITY = YES;
				GCC_C_LANGUAGE_STANDARD = gnu11;
				GCC_DYNAMIC_NO_PIC = NO;
				GCC_NO_COMMON_BLOCKS = YES;
				GCC_OPTIMIZATION_LEVEL = 0;
				GCC_PREPROCESSOR_DEFINITIONS = (
					"DEBUG=1",
					"$(inherited)",
				);
				GCC_WARN_64_TO_32_BIT_CONVERSION = YES;
				GCC_WARN_ABOUT_RETURN_TYPE = YES_ERROR;
				GCC_WARN_UNDECLARED_SELECTOR = YES;
				GCC_WARN_UNINITIALIZED_AUTOS = YES_AGGRESSIVE;
				GCC_WARN_UNUSED_FUNCTION = YES;
				GCC_WARN_UNUSED_VARIABLE = YES;
				IPHONEOS_DEPLOYMENT_TARGET = 13.6;
				MTL_ENABLE_DEBUG_INFO = INCLUDE_SOURCE;
				MTL_FAST_MATH = YES;
				ONLY_ACTIVE_ARCH = YES;
				SDKROOT = iphoneos;
				SWIFT_ACTIVE_COMPILATION_CONDITIONS = DEBUG;
				SWIFT_OPTIMIZATION_LEVEL = "-Onone";
			};
			name = Debug;
		};
		F17E705B24FD47170017710A /* Release */ = {
			isa = XCBuildConfiguration;
			buildSettings = {
				ALWAYS_SEARCH_USER_PATHS = NO;
				CLANG_ANALYZER_NONNULL = YES;
				CLANG_ANALYZER_NUMBER_OBJECT_CONVERSION = YES_AGGRESSIVE;
				CLANG_CXX_LANGUAGE_STANDARD = "gnu++14";
				CLANG_CXX_LIBRARY = "libc++";
				CLANG_ENABLE_MODULES = YES;
				CLANG_ENABLE_OBJC_ARC = YES;
				CLANG_ENABLE_OBJC_WEAK = YES;
				CLANG_WARN_BLOCK_CAPTURE_AUTORELEASING = YES;
				CLANG_WARN_BOOL_CONVERSION = YES;
				CLANG_WARN_COMMA = YES;
				CLANG_WARN_CONSTANT_CONVERSION = YES;
				CLANG_WARN_DEPRECATED_OBJC_IMPLEMENTATIONS = YES;
				CLANG_WARN_DIRECT_OBJC_ISA_USAGE = YES_ERROR;
				CLANG_WARN_DOCUMENTATION_COMMENTS = YES;
				CLANG_WARN_EMPTY_BODY = YES;
				CLANG_WARN_ENUM_CONVERSION = YES;
				CLANG_WARN_INFINITE_RECURSION = YES;
				CLANG_WARN_INT_CONVERSION = YES;
				CLANG_WARN_NON_LITERAL_NULL_CONVERSION = YES;
				CLANG_WARN_OBJC_IMPLICIT_RETAIN_SELF = YES;
				CLANG_WARN_OBJC_LITERAL_CONVERSION = YES;
				CLANG_WARN_OBJC_ROOT_CLASS = YES_ERROR;
				CLANG_WARN_RANGE_LOOP_ANALYSIS = YES;
				CLANG_WARN_STRICT_PROTOTYPES = YES;
				CLANG_WARN_SUSPICIOUS_MOVE = YES;
				CLANG_WARN_UNGUARDED_AVAILABILITY = YES_AGGRESSIVE;
				CLANG_WARN_UNREACHABLE_CODE = YES;
				CLANG_WARN__DUPLICATE_METHOD_MATCH = YES;
				COPY_PHASE_STRIP = NO;
				DEBUG_INFORMATION_FORMAT = "dwarf-with-dsym";
				ENABLE_NS_ASSERTIONS = NO;
				ENABLE_STRICT_OBJC_MSGSEND = YES;
				GCC_C_LANGUAGE_STANDARD = gnu11;
				GCC_NO_COMMON_BLOCKS = YES;
				GCC_WARN_64_TO_32_BIT_CONVERSION = YES;
				GCC_WARN_ABOUT_RETURN_TYPE = YES_ERROR;
				GCC_WARN_UNDECLARED_SELECTOR = YES;
				GCC_WARN_UNINITIALIZED_AUTOS = YES_AGGRESSIVE;
				GCC_WARN_UNUSED_FUNCTION = YES;
				GCC_WARN_UNUSED_VARIABLE = YES;
				IPHONEOS_DEPLOYMENT_TARGET = 13.6;
				MTL_ENABLE_DEBUG_INFO = NO;
				MTL_FAST_MATH = YES;
				SDKROOT = iphoneos;
				SWIFT_COMPILATION_MODE = wholemodule;
				SWIFT_OPTIMIZATION_LEVEL = "-O";
				VALIDATE_PRODUCT = YES;
			};
			name = Release;
		};
		F17E705D24FD47170017710A /* Debug */ = {
			isa = XCBuildConfiguration;
			buildSettings = {
				ASSETCATALOG_COMPILER_APPICON_NAME = AppIcon;
				CODE_SIGN_STYLE = Automatic;
				DEVELOPMENT_ASSET_PATHS = "\"SwiftUI-InAppPurchase/Preview Content\"";
				DEVELOPMENT_TEAM = V2CL8ZA4YA;
				ENABLE_PREVIEWS = YES;
				INFOPLIST_FILE = "SwiftUI-InAppPurchase/Info.plist";
				LD_RUNPATH_SEARCH_PATHS = (
					"$(inherited)",
					"@executable_path/Frameworks",
				);
				PRODUCT_BUNDLE_IDENTIFIER = "my.identifier.SwiftUI-InAppPurchase";
				PRODUCT_NAME = "$(TARGET_NAME)";
				SWIFT_VERSION = 5.0;
				TARGETED_DEVICE_FAMILY = "1,2";
			};
			name = Debug;
		};
		F17E705E24FD47170017710A /* Release */ = {
			isa = XCBuildConfiguration;
			buildSettings = {
				ASSETCATALOG_COMPILER_APPICON_NAME = AppIcon;
				CODE_SIGN_STYLE = Automatic;
				DEVELOPMENT_ASSET_PATHS = "\"SwiftUI-InAppPurchase/Preview Content\"";
				DEVELOPMENT_TEAM = V2CL8ZA4YA;
				ENABLE_PREVIEWS = YES;
				INFOPLIST_FILE = "SwiftUI-InAppPurchase/Info.plist";
				LD_RUNPATH_SEARCH_PATHS = (
					"$(inherited)",
					"@executable_path/Frameworks",
				);
				PRODUCT_BUNDLE_IDENTIFIER = "my.identifier.SwiftUI-InAppPurchase";
				PRODUCT_NAME = "$(TARGET_NAME)";
				SWIFT_VERSION = 5.0;
				TARGETED_DEVICE_FAMILY = "1,2";
			};
			name = Release;
		};
/* End XCBuildConfiguration section */

/* Begin XCConfigurationList section */
		F17E704024FD47110017710A /* Build configuration list for PBXProject "SwiftUI-InAppPurchase" */ = {
			isa = XCConfigurationList;
			buildConfigurations = (
				F17E705A24FD47170017710A /* Debug */,
				F17E705B24FD47170017710A /* Release */,
			);
			defaultConfigurationIsVisible = 0;
			defaultConfigurationName = Release;
		};
		F17E705C24FD47170017710A /* Build configuration list for PBXNativeTarget "SwiftUI-InAppPurchase" */ = {
			isa = XCConfigurationList;
			buildConfigurations = (
				F17E705D24FD47170017710A /* Debug */,
				F17E705E24FD47170017710A /* Release */,
			);
			defaultConfigurationIsVisible = 0;
			defaultConfigurationName = Release;
		};
/* End XCConfigurationList section */

/* Begin XCVersionGroup section */
		F17E704C24FD47120017710A /* SwiftUI_InAppPurchase.xcdatamodeld */ = {
			isa = XCVersionGroup;
			children = (
				F17E704D24FD47120017710A /* SwiftUI_InAppPurchase.xcdatamodel */,
			);
			currentVersion = F17E704D24FD47120017710A /* SwiftUI_InAppPurchase.xcdatamodel */;
			path = SwiftUI_InAppPurchase.xcdatamodeld;
			sourceTree = "<group>";
			versionGroupType = wrapper.xcdatamodel;
		};
/* End XCVersionGroup section */
	};
	rootObject = F17E703D24FD47110017710A /* Project object */;
}
