// !$*UTF8*$!
{
	archiveVersion = 1;
	classes = {
	};
	objectVersion = 51;
	objects = {

/* Begin PBXBuildFile section */
		7B2B979D2004847137497578 /* Pods_SwiftUI_InAppPurchase.framework in Frameworks */ = {isa = PBXBuildFile; fileRef = 62EE45012EE877A872D2E6C1 /* Pods_SwiftUI_InAppPurchase.framework */; };
		F13841E22513DF1200088AE6 /* BuyView.swift in Sources */ = {isa = PBXBuildFile; fileRef = F13841E12513DF1200088AE6 /* BuyView.swift */; };
		F160B2B9251260CB0040FEE5 /* IAPManager.swift in Sources */ = {isa = PBXBuildFile; fileRef = F160B2B8251260CB0040FEE5 /* IAPManager.swift */; };
		F17E704924FD47120017710A /* AppDelegate.swift in Sources */ = {isa = PBXBuildFile; fileRef = F17E704824FD47120017710A /* AppDelegate.swift */; };
		F17E704B24FD47120017710A /* SceneDelegate.swift in Sources */ = {isa = PBXBuildFile; fileRef = F17E704A24FD47120017710A /* SceneDelegate.swift */; };
		F17E704E24FD47120017710A /* SwiftUI_InAppPurchase.xcdatamodeld in Sources */ = {isa = PBXBuildFile; fileRef = F17E704C24FD47120017710A /* SwiftUI_InAppPurchase.xcdatamodeld */; };
		F17E705024FD47120017710A /* ContentView.swift in Sources */ = {isa = PBXBuildFile; fileRef = F17E704F24FD47120017710A /* ContentView.swift */; };
		F17E705224FD47170017710A /* Assets.xcassets in Resources */ = {isa = PBXBuildFile; fileRef = F17E705124FD47170017710A /* Assets.xcassets */; };
		F17E705524FD47170017710A /* Preview Assets.xcassets in Resources */ = {isa = PBXBuildFile; fileRef = F17E705424FD47170017710A /* Preview Assets.xcassets */; };
		F17E705824FD47170017710A /* LaunchScreen.storyboard in Resources */ = {isa = PBXBuildFile; fileRef = F17E705624FD47170017710A /* LaunchScreen.storyboard */; };
		F17E706324FD58DD0017710A /* Banner.swift in Sources */ = {isa = PBXBuildFile; fileRef = F17E706224FD58DD0017710A /* Banner.swift */; };
		F1851EFA24FE9A250000FD10 /* StoreKit.framework in Frameworks */ = {isa = PBXBuildFile; fileRef = F1851EF924FE9A250000FD10 /* StoreKit.framework */; };
/* End PBXBuildFile section */

/* Begin PBXFileReference section */
		62EE45012EE877A872D2E6C1 /* Pods_SwiftUI_InAppPurchase.framework */ = {isa = PBXFileReference; explicitFileType = wrapper.framework; includeInIndex = 0; path = Pods_SwiftUI_InAppPurchase.framework; sourceTree = BUILT_PRODUCTS_DIR; };
		96A9EAD2685CC8642CBF0AC6 /* Pods-SwiftUI-InAppPurchase.debug.xcconfig */ = {isa = PBXFileReference; includeInIndex = 1; lastKnownFileType = text.xcconfig; name = "Pods-SwiftUI-InAppPurchase.debug.xcconfig"; path = "Target Support Files/Pods-SwiftUI-InAppPurchase/Pods-SwiftUI-InAppPurchase.debug.xcconfig"; sourceTree = "<group>"; };
		ADDFE183C1EDBD4A02AEFEDA /* Pods-SwiftUI-InAppPurchase.release.xcconfig */ = {isa = PBXFileReference; includeInIndex = 1; lastKnownFileType = text.xcconfig; name = "Pods-SwiftUI-InAppPurchase.release.xcconfig"; path = "Target Support Files/Pods-SwiftUI-InAppPurchase/Pods-SwiftUI-InAppPurchase.release.xcconfig"; sourceTree = "<group>"; };
		F13841E12513DF1200088AE6 /* BuyView.swift */ = {isa = PBXFileReference; lastKnownFileType = sourcecode.swift; path = BuyView.swift; sourceTree = "<group>"; };
		F160B2B8251260CB0040FEE5 /* IAPManager.swift */ = {isa = PBXFileReference; fileEncoding = 4; lastKnownFileType = sourcecode.swift; name = IAPManager.swift; path = "../../../../../Users/henryhavens/Downloads/SwiftUI-InAppPurchase-master/SwiftUI-InAppPurchase/IAPManager.swift"; sourceTree = "<group>"; };
		F17E704524FD47110017710A /* SwiftUI-InAppPurchase.app */ = {isa = PBXFileReference; explicitFileType = wrapper.application; includeInIndex = 0; path = "SwiftUI-InAppPurchase.app"; sourceTree = BUILT_PRODUCTS_DIR; };
		F17E704824FD47120017710A /* AppDelegate.swift */ = {isa = PBXFileReference; lastKnownFileType = sourcecode.swift; path = AppDelegate.swift; sourceTree = "<group>"; };
		F17E704A24FD47120017710A /* SceneDelegate.swift */ = {isa = PBXFileReference; lastKnownFileType = sourcecode.swift; path = SceneDelegate.swift; sourceTree = "<group>"; };
		F17E704D24FD47120017710A /* SwiftUI_InAppPurchase.xcdatamodel */ = {isa = PBXFileReference; lastKnownFileType = wrapper.xcdatamodel; path = SwiftUI_InAppPurchase.xcdatamodel; sourceTree = "<group>"; };
		F17E704F24FD47120017710A /* ContentView.swift */ = {isa = PBXFileReference; lastKnownFileType = sourcecode.swift; path = ContentView.swift; sourceTree = "<group>"; };
		F17E705124FD47170017710A /* Assets.xcassets */ = {isa = PBXFileReference; lastKnownFileType = folder.assetcatalog; path = Assets.xcassets; sourceTree = "<group>"; };
		F17E705424FD47170017710A /* Preview Assets.xcassets */ = {isa = PBXFileReference; lastKnownFileType = folder.assetcatalog; path = "Preview Assets.xcassets"; sourceTree = "<group>"; };
		F17E705724FD47170017710A /* Base */ = {isa = PBXFileReference; lastKnownFileType = file.storyboard; name = Base; path = Base.lproj/LaunchScreen.storyboard; sourceTree = "<group>"; };
		F17E705924FD47170017710A /* Info.plist */ = {isa = PBXFileReference; lastKnownFileType = text.plist.xml; path = Info.plist; sourceTree = "<group>"; };
		F17E706224FD58DD0017710A /* Banner.swift */ = {isa = PBXFileReference; lastKnownFileType = sourcecode.swift; path = Banner.swift; sourceTree = "<group>"; };
		F1851EF924FE9A250000FD10 /* StoreKit.framework */ = {isa = PBXFileReference; lastKnownFileType = wrapper.framework; name = StoreKit.framework; path = System/Library/Frameworks/StoreKit.framework; sourceTree = SDKROOT; };
/* End PBXFileReference section */

/* Begin PBXFrameworksBuildPhase section */
		F17E704224FD47110017710A /* Frameworks */ = {
			isa = PBXFrameworksBuildPhase;
			buildActionMask = 2147483647;
			files = (
				7B2B979D2004847137497578 /* Pods_SwiftUI_InAppPurchase.framework in Frameworks */,
				F1851EFA24FE9A250000FD10 /* StoreKit.framework in Frameworks */,
			);
			runOnlyForDeploymentPostprocessing = 0;
		};
/* End PBXFrameworksBuildPhase section */

/* Begin PBXGroup section */
		2A4FFCC718137EC8C2A30C00 /* Pods */ = {
			isa = PBXGroup;
			children = (
				96A9EAD2685CC8642CBF0AC6 /* Pods-SwiftUI-InAppPurchase.debug.xcconfig */,
				ADDFE183C1EDBD4A02AEFEDA /* Pods-SwiftUI-InAppPurchase.release.xcconfig */,
			);
			path = Pods;
			sourceTree = "<group>";
		};
		F17E703C24FD47110017710A = {
			isa = PBXGroup;
			children = (
				F17E704724FD47110017710A /* SwiftUI-InAppPurchase */,
				F17E704624FD47110017710A /* Products */,
				F17E705F24FD47790017710A /* Frameworks */,
				2A4FFCC718137EC8C2A30C00 /* Pods */,
			);
			sourceTree = "<group>";
		};
		F17E704624FD47110017710A /* Products */ = {
			isa = PBXGroup;
			children = (
				F17E704524FD47110017710A /* SwiftUI-InAppPurchase.app */,
			);
			name = Products;
			sourceTree = "<group>";
		};
		F17E704724FD47110017710A /* SwiftUI-InAppPurchase */ = {
			isa = PBXGroup;
			children = (
				F17E704824FD47120017710A /* AppDelegate.swift */,
				F17E704A24FD47120017710A /* SceneDelegate.swift */,
				F160B2B8251260CB0040FEE5 /* IAPManager.swift */,
				F17E704F24FD47120017710A /* ContentView.swift */,
				F17E705124FD47170017710A /* Assets.xcassets */,
				F17E705624FD47170017710A /* LaunchScreen.storyboard */,
				F17E705924FD47170017710A /* Info.plist */,
				F17E704C24FD47120017710A /* SwiftUI_InAppPurchase.xcdatamodeld */,
				F17E705324FD47170017710A /* Preview Content */,
				F17E706224FD58DD0017710A /* Banner.swift */,
				F13841E12513DF1200088AE6 /* BuyView.swift */,
			);
			path = "SwiftUI-InAppPurchase";
			sourceTree = "<group>";
		};
		F17E705324FD47170017710A /* Preview Content */ = {
			isa = PBXGroup;
			children = (
				F17E705424FD47170017710A /* Preview Assets.xcassets */,
			);
			path = "Preview Content";
			sourceTree = "<group>";
		};
		F17E705F24FD47790017710A /* Frameworks */ = {
			isa = PBXGroup;
			children = (
				F1851EF924FE9A250000FD10 /* StoreKit.framework */,
				62EE45012EE877A872D2E6C1 /* Pods_SwiftUI_InAppPurchase.framework */,
			);
			name = Frameworks;
			sourceTree = "<group>";
		};
/* End PBXGroup section */

/* Begin PBXNativeTarget section */
		F17E704424FD47110017710A /* SwiftUI-InAppPurchase */ = {
			isa = PBXNativeTarget;
			buildConfigurationList = F17E705C24FD47170017710A /* Build configuration list for PBXNativeTarget "SwiftUI-InAppPurchase" */;
			buildPhases = (
				B0239FB1D25FF7A8C5BD4463 /* [CP] Check Pods Manifest.lock */,
				F17E704124FD47110017710A /* Sources */,
				F17E704224FD47110017710A /* Frameworks */,
				F17E704324FD47110017710A /* Resources */,
				E4FBA9F8C32035C021B67AA1 /* [CP] Embed Pods Frameworks */,
			);
			buildRules = (
			);
			dependencies = (
			);
			name = "SwiftUI-InAppPurchase";
			productName = "SwiftUI-InAppPurchase";
			productReference = F17E704524FD47110017710A /* SwiftUI-InAppPurchase.app */;
			productType = "com.apple.product-type.application";
		};
/* End PBXNativeTarget section */

/* Begin PBXProject section */
		F17E703D24FD47110017710A /* Project object */ = {
			isa = PBXProject;
			attributes = {
				LastSwiftUpdateCheck = 1160;
				LastUpgradeCheck = 1160;
				ORGANIZATIONNAME = "Henry Havens";
				TargetAttributes = {
					F17E704424FD47110017710A = {
						CreatedOnToolsVersion = 11.6;
					};
				};
			};
			buildConfigurationList = F17E704024FD47110017710A /* Build configuration list for PBXProject "SwiftUI-InAppPurchase" */;
			compatibilityVersion = "Xcode 9.3";
			developmentRegion = en;
			hasScannedForEncodings = 0;
			knownRegions = (
				en,
				Base,
			);
			mainGroup = F17E703C24FD47110017710A;
			productRefGroup = F17E704624FD47110017710A /* Products */;
			projectDirPath = "";
			projectRoot = "";
			targets = (
				F17E704424FD47110017710A /* SwiftUI-InAppPurchase */,
			);
		};
/* End PBXProject section */

/* Begin PBXResourcesBuildPhase section */
		F17E704324FD47110017710A /* Resources */ = {
			isa = PBXResourcesBuildPhase;
			buildActionMask = 2147483647;
			files = (
				F17E705824FD47170017710A /* LaunchScreen.storyboard in Resources */,
				F17E705524FD47170017710A /* Preview Assets.xcassets in Resources */,
				F17E705224FD47170017710A /* Assets.xcassets in Resources */,
			);
			runOnlyForDeploymentPostprocessing = 0;
		};
/* End PBXResourcesBuildPhase section */

/* Begin PBXShellScriptBuildPhase section */
		B0239FB1D25FF7A8C5BD4463 /* [CP] Check Pods Manifest.lock */ = {
			isa = PBXShellScriptBuildPhase;
			buildActionMask = 2147483647;
			files = (
			);
			inputFileListPaths = (
			);
			inputPaths = (
				"${PODS_PODFILE_DIR_PATH}/Podfile.lock",
				"${PODS_ROOT}/Manifest.lock",
			);
			name = "[CP] Check Pods Manifest.lock";
			outputFileListPaths = (
			);
			outputPaths = (
				"$(DERIVED_FILE_DIR)/Pods-SwiftUI-InAppPurchase-checkManifestLockResult.txt",
			);
			runOnlyForDeploymentPostprocessing = 0;
			shellPath = /bin/sh;
			shellScript = "diff \"${PODS_PODFILE_DIR_PATH}/Podfile.lock\" \"${PODS_ROOT}/Manifest.lock\" > /dev/null\nif [ $? != 0 ] ; then\n    # print error to STDERR\n    echo \"error: The sandbox is not in sync with the Podfile.lock. Run 'pod install' or update your CocoaPods installation.\" >&2\n    exit 1\nfi\n# This output is used by Xcode 'outputs' to avoid re-running this script phase.\necho \"SUCCESS\" > \"${SCRIPT_OUTPUT_FILE_0}\"\n";
			showEnvVarsInLog = 0;
		};
		E4FBA9F8C32035C021B67AA1 /* [CP] Embed Pods Frameworks */ = {
			isa = PBXShellScriptBuildPhase;
			buildActionMask = 2147483647;
			files = (
			);
			inputFileListPaths = (
				"${PODS_ROOT}/Target Support Files/Pods-SwiftUI-InAppPurchase/Pods-SwiftUI-InAppPurchase-frameworks-${CONFIGURATION}-input-files.xcfilelist",
			);
			name = "[CP] Embed Pods Frameworks";
			outputFileListPaths = (
				"${PODS_ROOT}/Target Support Files/Pods-SwiftUI-InAppPurchase/Pods-SwiftUI-InAppPurchase-frameworks-${CONFIGURATION}-output-files.xcfilelist",
			);
			runOnlyForDeploymentPostprocessing = 0;
			shellPath = /bin/sh;
			shellScript = "\"${PODS_ROOT}/Target Support Files/Pods-SwiftUI-InAppPurchase/Pods-SwiftUI-InAppPurchase-frameworks.sh\"\n";
			showEnvVarsInLog = 0;
		};
/* End PBXShellScriptBuildPhase section */

/* Begin PBXSourcesBuildPhase section */
		F17E704124FD47110017710A /* Sources */ = {
			isa = PBXSourcesBuildPhase;
			buildActionMask = 2147483647;
			files = (
				F160B2B9251260CB0040FEE5 /* IAPManager.swift in Sources */,
				F13841E22513DF1200088AE6 /* BuyView.swift in Sources */,
				F17E704E24FD47120017710A /* SwiftUI_InAppPurchase.xcdatamodeld in Sources */,
				F17E704924FD47120017710A /* AppDelegate.swift in Sources */,
				F17E706324FD58DD0017710A /* Banner.swift in Sources */,
				F17E705024FD47120017710A /* ContentView.swift in Sources */,
				F17E704B24FD47120017710A /* SceneDelegate.swift in Sources */,
			);
			runOnlyForDeploymentPostprocessing = 0;
		};
/* End PBXSourcesBuildPhase section */

/* Begin PBXVariantGroup section */
		F17E705624FD47170017710A /* LaunchScreen.storyboard */ = {
			isa = PBXVariantGroup;
			children = (
				F17E705724FD47170017710A /* Base */,
			);
			name = LaunchScreen.storyboard;
			sourceTree = "<group>";
		};
/* End PBXVariantGroup section */

/* Begin XCBuildConfiguration section */
		F17E705A24FD47170017710A /* Debug */ = {
			isa = XCBuildConfiguration;
			buildSettings = {
				ALWAYS_SEARCH_USER_PATHS = NO;
				CLANG_ANALYZER_NONNULL = YES;
				CLANG_ANALYZER_NUMBER_OBJECT_CONVERSION = YES_AGGRESSIVE;
				CLANG_CXX_LANGUAGE_STANDARD = "gnu++14";
				CLANG_CXX_LIBRARY = "libc++";
				CLANG_ENABLE_MODULES = YES;
				CLANG_ENABLE_OBJC_ARC = YES;
				CLANG_ENABLE_OBJC_WEAK = YES;
				CLANG_WARN_BLOCK_CAPTURE_AUTORELEASING = YES;
				CLANG_WARN_BOOL_CONVERSION = YES;
				CLANG_WARN_COMMA = YES;
				CLANG_WARN_CONSTANT_CONVERSION = YES;
				CLANG_WARN_DEPRECATED_OBJC_IMPLEMENTATIONS = YES;
				CLANG_WARN_DIRECT_OBJC_ISA_USAGE = YES_ERROR;
				CLANG_WARN_DOCUMENTATION_COMMENTS = YES;
				CLANG_WARN_EMPTY_BODY = YES;
				CLANG_WARN_ENUM_CONVERSION = YES;
				CLANG_WARN_INFINITE_RECURSION = YES;
				CLANG_WARN_INT_CONVERSION = YES;
				CLANG_WARN_NON_LITERAL_NULL_CONVERSION = YES;
				CLANG_WARN_OBJC_IMPLICIT_RETAIN_SELF = YES;
				CLANG_WARN_OBJC_LITERAL_CONVERSION = YES;
				CLANG_WARN_OBJC_ROOT_CLASS = YES_ERROR;
				CLANG_WARN_RANGE_LOOP_ANALYSIS = YES;
				CLANG_WARN_STRICT_PROTOTYPES = YES;
				CLANG_WARN_SUSPICIOUS_MOVE = YES;
				CLANG_WARN_UNGUARDED_AVAILABILITY = YES_AGGRESSIVE;
				CLANG_WARN_UNREACHABLE_CODE = YES;
				CLANG_WARN__DUPLICATE_METHOD_MATCH = YES;
				COPY_PHASE_STRIP = NO;
				DEBUG_INFORMATION_FORMAT = dwarf;
				ENABLE_STRICT_OBJC_MSGSEND = YES;
				ENABLE_TESTABILITY = YES;
				GCC_C_LANGUAGE_STANDARD = gnu11;
				GCC_DYNAMIC_NO_PIC = NO;
				GCC_NO_COMMON_BLOCKS = YES;
				GCC_OPTIMIZATION_LEVEL = 0;
				GCC_PREPROCESSOR_DEFINITIONS = (
					"DEBUG=1",
					"$(inherited)",
				);
				GCC_WARN_64_TO_32_BIT_CONVERSION = YES;
				GCC_WARN_ABOUT_RETURN_TYPE = YES_ERROR;
				GCC_WARN_UNDECLARED_SELECTOR = YES;
				GCC_WARN_UNINITIALIZED_AUTOS = YES_AGGRESSIVE;
				GCC_WARN_UNUSED_FUNCTION = YES;
				GCC_WARN_UNUSED_VARIABLE = YES;
				IPHONEOS_DEPLOYMENT_TARGET = 13.6;
				MTL_ENABLE_DEBUG_INFO = INCLUDE_SOURCE;
				MTL_FAST_MATH = YES;
				ONLY_ACTIVE_ARCH = YES;
				SDKROOT = iphoneos;
				SWIFT_ACTIVE_COMPILATION_CONDITIONS = DEBUG;
				SWIFT_OPTIMIZATION_LEVEL = "-Onone";
			};
			name = Debug;
		};
		F17E705B24FD47170017710A /* Release */ = {
			isa = XCBuildConfiguration;
			buildSettings = {
				ALWAYS_SEARCH_USER_PATHS = NO;
				CLANG_ANALYZER_NONNULL = YES;
				CLANG_ANALYZER_NUMBER_OBJECT_CONVERSION = YES_AGGRESSIVE;
				CLANG_CXX_LANGUAGE_STANDARD = "gnu++14";
				CLANG_CXX_LIBRARY = "libc++";
				CLANG_ENABLE_MODULES = YES;
				CLANG_ENABLE_OBJC_ARC = YES;
				CLANG_ENABLE_OBJC_WEAK = YES;
				CLANG_WARN_BLOCK_CAPTURE_AUTORELEASING = YES;
				CLANG_WARN_BOOL_CONVERSION = YES;
				CLANG_WARN_COMMA = YES;
				CLANG_WARN_CONSTANT_CONVERSION = YES;
				CLANG_WARN_DEPRECATED_OBJC_IMPLEMENTATIONS = YES;
				CLANG_WARN_DIRECT_OBJC_ISA_USAGE = YES_ERROR;
				CLANG_WARN_DOCUMENTATION_COMMENTS = YES;
				CLANG_WARN_EMPTY_BODY = YES;
				CLANG_WARN_ENUM_CONVERSION = YES;
				CLANG_WARN_INFINITE_RECURSION = YES;
				CLANG_WARN_INT_CONVERSION = YES;
				CLANG_WARN_NON_LITERAL_NULL_CONVERSION = YES;
				CLANG_WARN_OBJC_IMPLICIT_RETAIN_SELF = YES;
				CLANG_WARN_OBJC_LITERAL_CONVERSION = YES;
				CLANG_WARN_OBJC_ROOT_CLASS = YES_ERROR;
				CLANG_WARN_RANGE_LOOP_ANALYSIS = YES;
				CLANG_WARN_STRICT_PROTOTYPES = YES;
				CLANG_WARN_SUSPICIOUS_MOVE = YES;
				CLANG_WARN_UNGUARDED_AVAILABILITY = YES_AGGRESSIVE;
				CLANG_WARN_UNREACHABLE_CODE = YES;
				CLANG_WARN__DUPLICATE_METHOD_MATCH = YES;
				COPY_PHASE_STRIP = NO;
				DEBUG_INFORMATION_FORMAT = "dwarf-with-dsym";
				ENABLE_NS_ASSERTIONS = NO;
				ENABLE_STRICT_OBJC_MSGSEND = YES;
				GCC_C_LANGUAGE_STANDARD = gnu11;
				GCC_NO_COMMON_BLOCKS = YES;
				GCC_WARN_64_TO_32_BIT_CONVERSION = YES;
				GCC_WARN_ABOUT_RETURN_TYPE = YES_ERROR;
				GCC_WARN_UNDECLARED_SELECTOR = YES;
				GCC_WARN_UNINITIALIZED_AUTOS = YES_AGGRESSIVE;
				GCC_WARN_UNUSED_FUNCTION = YES;
				GCC_WARN_UNUSED_VARIABLE = YES;
				IPHONEOS_DEPLOYMENT_TARGET = 13.6;
				MTL_ENABLE_DEBUG_INFO = NO;
				MTL_FAST_MATH = YES;
				SDKROOT = iphoneos;
				SWIFT_COMPILATION_MODE = wholemodule;
				SWIFT_OPTIMIZATION_LEVEL = "-O";
				VALIDATE_PRODUCT = YES;
			};
			name = Release;
		};
		F17E705D24FD47170017710A /* Debug */ = {
			isa = XCBuildConfiguration;
			baseConfigurationReference = 96A9EAD2685CC8642CBF0AC6 /* Pods-SwiftUI-InAppPurchase.debug.xcconfig */;
			buildSettings = {
				ASSETCATALOG_COMPILER_APPICON_NAME = AppIcon;
				CODE_SIGN_STYLE = Automatic;
				DEVELOPMENT_ASSET_PATHS = "\"SwiftUI-InAppPurchase/Preview Content\"";
				DEVELOPMENT_TEAM = V2CL8ZA4YA;
				ENABLE_PREVIEWS = YES;
				INFOPLIST_FILE = "SwiftUI-InAppPurchase/Info.plist";
				LD_RUNPATH_SEARCH_PATHS = (
					"$(inherited)",
					"@executable_path/Frameworks",
				);
				PRODUCT_BUNDLE_IDENTIFIER = "my.identifier.SwiftUI-InAppPurchase";
				PRODUCT_NAME = "$(TARGET_NAME)";
				SWIFT_VERSION = 5.0;
				TARGETED_DEVICE_FAMILY = "1,2";
			};
			name = Debug;
		};
		F17E705E24FD47170017710A /* Release */ = {
			isa = XCBuildConfiguration;
			baseConfigurationReference = ADDFE183C1EDBD4A02AEFEDA /* Pods-SwiftUI-InAppPurchase.release.xcconfig */;
			buildSettings = {
				ASSETCATALOG_COMPILER_APPICON_NAME = AppIcon;
				CODE_SIGN_STYLE = Automatic;
				DEVELOPMENT_ASSET_PATHS = "\"SwiftUI-InAppPurchase/Preview Content\"";
				DEVELOPMENT_TEAM = V2CL8ZA4YA;
				ENABLE_PREVIEWS = YES;
				INFOPLIST_FILE = "SwiftUI-InAppPurchase/Info.plist";
				LD_RUNPATH_SEARCH_PATHS = (
					"$(inherited)",
					"@executable_path/Frameworks",
				);
				PRODUCT_BUNDLE_IDENTIFIER = "my.identifier.SwiftUI-InAppPurchase";
				PRODUCT_NAME = "$(TARGET_NAME)";
				SWIFT_VERSION = 5.0;
				TARGETED_DEVICE_FAMILY = "1,2";
			};
			name = Release;
		};
/* End XCBuildConfiguration section */

/* Begin XCConfigurationList section */
		F17E704024FD47110017710A /* Build configuration list for PBXProject "SwiftUI-InAppPurchase" */ = {
			isa = XCConfigurationList;
			buildConfigurations = (
				F17E705A24FD47170017710A /* Debug */,
				F17E705B24FD47170017710A /* Release */,
			);
			defaultConfigurationIsVisible = 0;
			defaultConfigurationName = Release;
		};
		F17E705C24FD47170017710A /* Build configuration list for PBXNativeTarget "SwiftUI-InAppPurchase" */ = {
			isa = XCConfigurationList;
			buildConfigurations = (
				F17E705D24FD47170017710A /* Debug */,
				F17E705E24FD47170017710A /* Release */,
			);
			defaultConfigurationIsVisible = 0;
			defaultConfigurationName = Release;
		};
/* End XCConfigurationList section */

/* Begin XCVersionGroup section */
		F17E704C24FD47120017710A /* SwiftUI_InAppPurchase.xcdatamodeld */ = {
			isa = XCVersionGroup;
			children = (
				F17E704D24FD47120017710A /* SwiftUI_InAppPurchase.xcdatamodel */,
			);
			currentVersion = F17E704D24FD47120017710A /* SwiftUI_InAppPurchase.xcdatamodel */;
			path = SwiftUI_InAppPurchase.xcdatamodeld;
			sourceTree = "<group>";
			versionGroupType = wrapper.xcdatamodel;
		};
/* End XCVersionGroup section */
	};
	rootObject = F17E703D24FD47110017710A /* Project object */;
}
